
Microsoft Visual Studio Solution File, Format Version 12.00
# Visual Studio Version 17
VisualStudioVersion = 17.4.33213.308
MinimumVisualStudioVersion = 10.0.40219.1
Project("{FAE04EC0-301F-11D3-BF4B-00C04F79EFBC}") = "api", "api.csproj", "{D43B8777-E8D4-4FF9-AA91-B5A02CCA7D2B}"
EndProject
Global
	GlobalSection(SolutionConfigurationPlatforms) = preSolution
		Debug|Any CPU = Debug|Any CPU
		Release|Any CPU = Release|Any CPU
	EndGlobalSection
	GlobalSection(ProjectConfigurationPlatforms) = postSolution
		{D43B8777-E8D4-4FF9-AA91-B5A02CCA7D2B}.Debug|Any CPU.ActiveCfg = Debug|Any CPU
		{D43B8777-E8D4-4FF9-AA91-B5A02CCA7D2B}.Debug|Any CPU.Build.0 = Debug|Any CPU
		{D43B8777-E8D4-4FF9-AA91-B5A02CCA7D2B}.Release|Any CPU.ActiveCfg = Release|Any CPU
		{D43B8777-E8D4-4FF9-AA91-B5A02CCA7D2B}.Release|Any CPU.Build.0 = Release|Any CPU
	EndGlobalSection
	GlobalSection(SolutionProperties) = preSolution
		HideSolutionNode = FALSE
	EndGlobalSection
	GlobalSection(ExtensibilityGlobals) = postSolution
		SolutionGuid = {B48EBE80-1327-401C-B872-4645D1963962}
	EndGlobalSection
EndGlobal
